
Microsoft Visual Studio Solution File, Format Version 12.00
# Visual Studio Version 17
VisualStudioVersion = 17.7.34031.279
MinimumVisualStudioVersion = 10.0.40219.1
Project("{FAE04EC0-301F-11D3-BF4B-00C04F79EFBC}") = "WebApplication1", "WebApplication1\WebApplication1.csproj", "{EBC28E61-88FC-4E2C-A72C-E1500F456E4A}"
EndProject
Global
	GlobalSection(SolutionConfigurationPlatforms) = preSolution
		Debug|Any CPU = Debug|Any CPU
		Release|Any CPU = Release|Any CPU
	EndGlobalSection
	GlobalSection(ProjectConfigurationPlatforms) = postSolution
		{EBC28E61-88FC-4E2C-A72C-E1500F456E4A}.Debug|Any CPU.ActiveCfg = Debug|Any CPU
		{EBC28E61-88FC-4E2C-A72C-E1500F456E4A}.Debug|Any CPU.Build.0 = Debug|Any CPU
		{EBC28E61-88FC-4E2C-A72C-E1500F456E4A}.Release|Any CPU.ActiveCfg = Release|Any CPU
		{EBC28E61-88FC-4E2C-A72C-E1500F456E4A}.Release|Any CPU.Build.0 = Release|Any CPU
	EndGlobalSection
	GlobalSection(SolutionProperties) = preSolution
		HideSolutionNode = FALSE
	EndGlobalSection
	GlobalSection(ExtensibilityGlobals) = postSolution
		SolutionGuid = {151928F0-C66E-41F9-8698-453032594BB0}
	EndGlobalSection
EndGlobal
